
Microsoft Visual Studio Solution File, Format Version 12.00
# Visual Studio Version 17
VisualStudioVersion = 17.12.35527.113 d17.12
MinimumVisualStudioVersion = 10.0.40219.1
Project("{2150E333-8FDC-42A3-9474-1A3956D46DE8}") = "01_Web", "01_Web", "{C30ABD7D-D974-4F33-BD6F-DC02BC6901D4}"
EndProject
Project("{2150E333-8FDC-42A3-9474-1A3956D46DE8}") = "02_Business", "02_Business", "{7AAECEB4-4C27-4FC7-83CA-D099E1AF10E8}"
EndProject
Project("{2150E333-8FDC-42A3-9474-1A3956D46DE8}") = "03_Repositories", "03_Repositories", "{B8B00DAD-D1FF-4A34-9BD3-E2BD052DCD13}"
EndProject
Project("{2150E333-8FDC-42A3-9474-1A3956D46DE8}") = "04_DataAccess", "04_DataAccess", "{A713EC8E-0AFB-405A-BCAF-114480CA08F4}"
EndProject
Project("{2150E333-8FDC-42A3-9474-1A3956D46DE8}") = "05_Model", "05_Model", "{68BF9D4C-601A-47CB-9F16-98DC1D979553}"
EndProject
Project("{FAE04EC0-301F-11D3-BF4B-00C04F79EFBC}") = "NoushGah.Business", "NoushGah.Business\NoushGah.Business.csproj", "{D4BF2076-00DC-46DD-AF82-EC85879D4CC1}"
EndProject
Project("{FAE04EC0-301F-11D3-BF4B-00C04F79EFBC}") = "NoushGah.Repositories", "NoushGah.Repositories\NoushGah.Repositories.csproj", "{6BBDA824-C145-43B9-93A1-FADB8673C15D}"
EndProject
Project("{FAE04EC0-301F-11D3-BF4B-00C04F79EFBC}") = "NoushGah.DataAccess", "NoushGah.DataAccess\NoushGah.DataAccess.csproj", "{214B98EF-9379-4468-8E2D-77B9D0C0143C}"
EndProject
Project("{FAE04EC0-301F-11D3-BF4B-00C04F79EFBC}") = "NoushGah.Model", "NoushGah.Model\NoushGah.Model.csproj", "{453610F0-6EBF-4353-B13B-1F9894FA1B1D}"
EndProject
Project("{FAE04EC0-301F-11D3-BF4B-00C04F79EFBC}") = "NoushGah.Web", "NoushGah.Web\NoushGah.Web.csproj", "{4A7846D2-60C1-489B-A0AE-0B6C564E3403}"
EndProject
Global
	GlobalSection(SolutionConfigurationPlatforms) = preSolution
		Debug|Any CPU = Debug|Any CPU
		Release|Any CPU = Release|Any CPU
	EndGlobalSection
	GlobalSection(ProjectConfigurationPlatforms) = postSolution
		{D4BF2076-00DC-46DD-AF82-EC85879D4CC1}.Debug|Any CPU.ActiveCfg = Debug|Any CPU
		{D4BF2076-00DC-46DD-AF82-EC85879D4CC1}.Debug|Any CPU.Build.0 = Debug|Any CPU
		{D4BF2076-00DC-46DD-AF82-EC85879D4CC1}.Release|Any CPU.ActiveCfg = Release|Any CPU
		{D4BF2076-00DC-46DD-AF82-EC85879D4CC1}.Release|Any CPU.Build.0 = Release|Any CPU
		{6BBDA824-C145-43B9-93A1-FADB8673C15D}.Debug|Any CPU.ActiveCfg = Debug|Any CPU
		{6BBDA824-C145-43B9-93A1-FADB8673C15D}.Debug|Any CPU.Build.0 = Debug|Any CPU
		{6BBDA824-C145-43B9-93A1-FADB8673C15D}.Release|Any CPU.ActiveCfg = Release|Any CPU
		{6BBDA824-C145-43B9-93A1-FADB8673C15D}.Release|Any CPU.Build.0 = Release|Any CPU
		{214B98EF-9379-4468-8E2D-77B9D0C0143C}.Debug|Any CPU.ActiveCfg = Debug|Any CPU
		{214B98EF-9379-4468-8E2D-77B9D0C0143C}.Debug|Any CPU.Build.0 = Debug|Any CPU
		{214B98EF-9379-4468-8E2D-77B9D0C0143C}.Release|Any CPU.ActiveCfg = Release|Any CPU
		{214B98EF-9379-4468-8E2D-77B9D0C0143C}.Release|Any CPU.Build.0 = Release|Any CPU
		{453610F0-6EBF-4353-B13B-1F9894FA1B1D}.Debug|Any CPU.ActiveCfg = Debug|Any CPU
		{453610F0-6EBF-4353-B13B-1F9894FA1B1D}.Debug|Any CPU.Build.0 = Debug|Any CPU
		{453610F0-6EBF-4353-B13B-1F9894FA1B1D}.Release|Any CPU.ActiveCfg = Release|Any CPU
		{453610F0-6EBF-4353-B13B-1F9894FA1B1D}.Release|Any CPU.Build.0 = Release|Any CPU
		{4A7846D2-60C1-489B-A0AE-0B6C564E3403}.Debug|Any CPU.ActiveCfg = Debug|Any CPU
		{4A7846D2-60C1-489B-A0AE-0B6C564E3403}.Debug|Any CPU.Build.0 = Debug|Any CPU
		{4A7846D2-60C1-489B-A0AE-0B6C564E3403}.Release|Any CPU.ActiveCfg = Release|Any CPU
		{4A7846D2-60C1-489B-A0AE-0B6C564E3403}.Release|Any CPU.Build.0 = Release|Any CPU
	EndGlobalSection
	GlobalSection(SolutionProperties) = preSolution
		HideSolutionNode = FALSE
	EndGlobalSection
	GlobalSection(NestedProjects) = preSolution
		{D4BF2076-00DC-46DD-AF82-EC85879D4CC1} = {7AAECEB4-4C27-4FC7-83CA-D099E1AF10E8}
		{6BBDA824-C145-43B9-93A1-FADB8673C15D} = {B8B00DAD-D1FF-4A34-9BD3-E2BD052DCD13}
		{214B98EF-9379-4468-8E2D-77B9D0C0143C} = {A713EC8E-0AFB-405A-BCAF-114480CA08F4}
		{453610F0-6EBF-4353-B13B-1F9894FA1B1D} = {68BF9D4C-601A-47CB-9F16-98DC1D979553}
		{4A7846D2-60C1-489B-A0AE-0B6C564E3403} = {C30ABD7D-D974-4F33-BD6F-DC02BC6901D4}
	EndGlobalSection
EndGlobal
